
Microsoft Visual Studio Solution File, Format Version 12.00
# Visual Studio Version 16
VisualStudioVersion = 16.0.31515.178
MinimumVisualStudioVersion = 10.0.40219.1
Project("{FAE04EC0-301F-11D3-BF4B-00C04F79EFBC}") = "tela_login", "tela_login\tela_login.csproj", "{11456801-0FF9-4657-9179-657B07012DF3}"
EndProject
Global
	GlobalSection(SolutionConfigurationPlatforms) = preSolution
		Debug|Any CPU = Debug|Any CPU
		Release|Any CPU = Release|Any CPU
	EndGlobalSection
	GlobalSection(ProjectConfigurationPlatforms) = postSolution
		{11456801-0FF9-4657-9179-657B07012DF3}.Debug|Any CPU.ActiveCfg = Debug|Any CPU
		{11456801-0FF9-4657-9179-657B07012DF3}.Debug|Any CPU.Build.0 = Debug|Any CPU
		{11456801-0FF9-4657-9179-657B07012DF3}.Release|Any CPU.ActiveCfg = Release|Any CPU
		{11456801-0FF9-4657-9179-657B07012DF3}.Release|Any CPU.Build.0 = Release|Any CPU
	EndGlobalSection
	GlobalSection(SolutionProperties) = preSolution
		HideSolutionNode = FALSE
	EndGlobalSection
	GlobalSection(ExtensibilityGlobals) = postSolution
		SolutionGuid = {4B1670F6-19A1-4D73-87B4-DAF525D2FF84}
	EndGlobalSection
EndGlobal
