
Microsoft Visual Studio Solution File, Format Version 12.00
# Visual Studio Version 16
VisualStudioVersion = 16.0.31313.79
MinimumVisualStudioVersion = 10.0.40219.1
Project("{FAE04EC0-301F-11D3-BF4B-00C04F79EFBC}") = "helloWorld", "helloWorld\helloWorld.csproj", "{8A195AF0-EE15-463F-877E-A45B2338F9E4}"
EndProject
Global
	GlobalSection(SolutionConfigurationPlatforms) = preSolution
		Debug|Any CPU = Debug|Any CPU
		Release|Any CPU = Release|Any CPU
	EndGlobalSection
	GlobalSection(ProjectConfigurationPlatforms) = postSolution
		{8A195AF0-EE15-463F-877E-A45B2338F9E4}.Debug|Any CPU.ActiveCfg = Debug|Any CPU
		{8A195AF0-EE15-463F-877E-A45B2338F9E4}.Debug|Any CPU.Build.0 = Debug|Any CPU
		{8A195AF0-EE15-463F-877E-A45B2338F9E4}.Release|Any CPU.ActiveCfg = Release|Any CPU
		{8A195AF0-EE15-463F-877E-A45B2338F9E4}.Release|Any CPU.Build.0 = Release|Any CPU
	EndGlobalSection
	GlobalSection(SolutionProperties) = preSolution
		HideSolutionNode = FALSE
	EndGlobalSection
	GlobalSection(ExtensibilityGlobals) = postSolution
		SolutionGuid = {5454DD98-31C6-4077-9AA0-7016968F4DD6}
	EndGlobalSection
EndGlobal
