
Microsoft Visual Studio Solution File, Format Version 12.00
# Visual Studio Version 16
VisualStudioVersion = 16.0.31313.79
MinimumVisualStudioVersion = 10.0.40219.1
Project("{FAE04EC0-301F-11D3-BF4B-00C04F79EFBC}") = "algoritmosBusca", "algoritmosBusca\algoritmosBusca.csproj", "{AC0FDDB2-5B94-4D7F-8700-35087E1877AE}"
EndProject
Global
	GlobalSection(SolutionConfigurationPlatforms) = preSolution
		Debug|Any CPU = Debug|Any CPU
		Release|Any CPU = Release|Any CPU
	EndGlobalSection
	GlobalSection(ProjectConfigurationPlatforms) = postSolution
		{AC0FDDB2-5B94-4D7F-8700-35087E1877AE}.Debug|Any CPU.ActiveCfg = Debug|Any CPU
		{AC0FDDB2-5B94-4D7F-8700-35087E1877AE}.Debug|Any CPU.Build.0 = Debug|Any CPU
		{AC0FDDB2-5B94-4D7F-8700-35087E1877AE}.Release|Any CPU.ActiveCfg = Release|Any CPU
		{AC0FDDB2-5B94-4D7F-8700-35087E1877AE}.Release|Any CPU.Build.0 = Release|Any CPU
	EndGlobalSection
	GlobalSection(SolutionProperties) = preSolution
		HideSolutionNode = FALSE
	EndGlobalSection
	GlobalSection(ExtensibilityGlobals) = postSolution
		SolutionGuid = {D70EC166-ACEB-45BF-A64B-B9CC70D91EDD}
	EndGlobalSection
EndGlobal
