
Microsoft Visual Studio Solution File, Format Version 12.00
# Visual Studio Version 16
VisualStudioVersion = 16.0.31313.79
MinimumVisualStudioVersion = 10.0.40219.1
Project("{FAE04EC0-301F-11D3-BF4B-00C04F79EFBC}") = "randomNaString", "randomNaString\randomNaString.csproj", "{E9F0663B-7201-474A-B4BD-F8819E788DD9}"
EndProject
Global
	GlobalSection(SolutionConfigurationPlatforms) = preSolution
		Debug|Any CPU = Debug|Any CPU
		Release|Any CPU = Release|Any CPU
	EndGlobalSection
	GlobalSection(ProjectConfigurationPlatforms) = postSolution
		{E9F0663B-7201-474A-B4BD-F8819E788DD9}.Debug|Any CPU.ActiveCfg = Debug|Any CPU
		{E9F0663B-7201-474A-B4BD-F8819E788DD9}.Debug|Any CPU.Build.0 = Debug|Any CPU
		{E9F0663B-7201-474A-B4BD-F8819E788DD9}.Release|Any CPU.ActiveCfg = Release|Any CPU
		{E9F0663B-7201-474A-B4BD-F8819E788DD9}.Release|Any CPU.Build.0 = Release|Any CPU
	EndGlobalSection
	GlobalSection(SolutionProperties) = preSolution
		HideSolutionNode = FALSE
	EndGlobalSection
	GlobalSection(ExtensibilityGlobals) = postSolution
		SolutionGuid = {389668CC-8A4C-4550-BDA5-351CA5F1380D}
	EndGlobalSection
EndGlobal
