
Microsoft Visual Studio Solution File, Format Version 12.00
# Visual Studio Version 16
VisualStudioVersion = 16.0.31105.61
MinimumVisualStudioVersion = 10.0.40219.1
Project("{FAE04EC0-301F-11D3-BF4B-00C04F79EFBC}") = "pedra_papel_Tesoura", "pedra_papel_Tesoura\pedra_papel_Tesoura.csproj", "{6374BBF4-3D8D-4449-9DDA-7646C6DB2326}"
EndProject
Global
	GlobalSection(SolutionConfigurationPlatforms) = preSolution
		Debug|Any CPU = Debug|Any CPU
		Release|Any CPU = Release|Any CPU
	EndGlobalSection
	GlobalSection(ProjectConfigurationPlatforms) = postSolution
		{6374BBF4-3D8D-4449-9DDA-7646C6DB2326}.Debug|Any CPU.ActiveCfg = Debug|Any CPU
		{6374BBF4-3D8D-4449-9DDA-7646C6DB2326}.Debug|Any CPU.Build.0 = Debug|Any CPU
		{6374BBF4-3D8D-4449-9DDA-7646C6DB2326}.Release|Any CPU.ActiveCfg = Release|Any CPU
		{6374BBF4-3D8D-4449-9DDA-7646C6DB2326}.Release|Any CPU.Build.0 = Release|Any CPU
	EndGlobalSection
	GlobalSection(SolutionProperties) = preSolution
		HideSolutionNode = FALSE
	EndGlobalSection
	GlobalSection(ExtensibilityGlobals) = postSolution
		SolutionGuid = {E960E2D2-F9BA-4C4C-8A90-549E513E9A81}
	EndGlobalSection
EndGlobal
