
Microsoft Visual Studio Solution File, Format Version 12.00
# Visual Studio Version 16
VisualStudioVersion = 16.0.31515.178
MinimumVisualStudioVersion = 10.0.40219.1
Project("{FAE04EC0-301F-11D3-BF4B-00C04F79EFBC}") = "adivinhe_numero", "adivinhe_numero\adivinhe_numero.csproj", "{5D63302A-1E67-43E7-9CD9-563D56D9DEFF}"
EndProject
Global
	GlobalSection(SolutionConfigurationPlatforms) = preSolution
		Debug|Any CPU = Debug|Any CPU
		Release|Any CPU = Release|Any CPU
	EndGlobalSection
	GlobalSection(ProjectConfigurationPlatforms) = postSolution
		{5D63302A-1E67-43E7-9CD9-563D56D9DEFF}.Debug|Any CPU.ActiveCfg = Debug|Any CPU
		{5D63302A-1E67-43E7-9CD9-563D56D9DEFF}.Debug|Any CPU.Build.0 = Debug|Any CPU
		{5D63302A-1E67-43E7-9CD9-563D56D9DEFF}.Release|Any CPU.ActiveCfg = Release|Any CPU
		{5D63302A-1E67-43E7-9CD9-563D56D9DEFF}.Release|Any CPU.Build.0 = Release|Any CPU
	EndGlobalSection
	GlobalSection(SolutionProperties) = preSolution
		HideSolutionNode = FALSE
	EndGlobalSection
	GlobalSection(ExtensibilityGlobals) = postSolution
		SolutionGuid = {F8616472-9A3C-4938-A5C6-97FA24DE1B40}
	EndGlobalSection
EndGlobal
