
Microsoft Visual Studio Solution File, Format Version 12.00
# Visual Studio Version 16
VisualStudioVersion = 16.0.31313.79
MinimumVisualStudioVersion = 10.0.40219.1
Project("{FAE04EC0-301F-11D3-BF4B-00C04F79EFBC}") = "bloquearCaractereIndesejado", "bloquearCaractereIndesejado\bloquearCaractereIndesejado.csproj", "{BC1ED3E2-C753-4242-8244-1D1208C8573E}"
EndProject
Global
	GlobalSection(SolutionConfigurationPlatforms) = preSolution
		Debug|Any CPU = Debug|Any CPU
		Release|Any CPU = Release|Any CPU
	EndGlobalSection
	GlobalSection(ProjectConfigurationPlatforms) = postSolution
		{BC1ED3E2-C753-4242-8244-1D1208C8573E}.Debug|Any CPU.ActiveCfg = Debug|Any CPU
		{BC1ED3E2-C753-4242-8244-1D1208C8573E}.Debug|Any CPU.Build.0 = Debug|Any CPU
		{BC1ED3E2-C753-4242-8244-1D1208C8573E}.Release|Any CPU.ActiveCfg = Release|Any CPU
		{BC1ED3E2-C753-4242-8244-1D1208C8573E}.Release|Any CPU.Build.0 = Release|Any CPU
	EndGlobalSection
	GlobalSection(SolutionProperties) = preSolution
		HideSolutionNode = FALSE
	EndGlobalSection
	GlobalSection(ExtensibilityGlobals) = postSolution
		SolutionGuid = {0C086B6E-F540-4402-BC57-8B0EFC7B7020}
	EndGlobalSection
EndGlobal
