
Microsoft Visual Studio Solution File, Format Version 12.00
# Visual Studio Version 16
VisualStudioVersion = 16.0.31313.79
MinimumVisualStudioVersion = 10.0.40219.1
Project("{FAE04EC0-301F-11D3-BF4B-00C04F79EFBC}") = "algoritmosCorteControle", "algoritmosCorteControle\algoritmosCorteControle.csproj", "{13C0BE6E-DAD2-41D4-BAE2-D014B1DCF266}"
EndProject
Global
	GlobalSection(SolutionConfigurationPlatforms) = preSolution
		Debug|Any CPU = Debug|Any CPU
		Release|Any CPU = Release|Any CPU
	EndGlobalSection
	GlobalSection(ProjectConfigurationPlatforms) = postSolution
		{13C0BE6E-DAD2-41D4-BAE2-D014B1DCF266}.Debug|Any CPU.ActiveCfg = Debug|Any CPU
		{13C0BE6E-DAD2-41D4-BAE2-D014B1DCF266}.Debug|Any CPU.Build.0 = Debug|Any CPU
		{13C0BE6E-DAD2-41D4-BAE2-D014B1DCF266}.Release|Any CPU.ActiveCfg = Release|Any CPU
		{13C0BE6E-DAD2-41D4-BAE2-D014B1DCF266}.Release|Any CPU.Build.0 = Release|Any CPU
	EndGlobalSection
	GlobalSection(SolutionProperties) = preSolution
		HideSolutionNode = FALSE
	EndGlobalSection
	GlobalSection(ExtensibilityGlobals) = postSolution
		SolutionGuid = {2B621A8C-4718-41FA-B953-477D25438AFA}
	EndGlobalSection
EndGlobal
