
Microsoft Visual Studio Solution File, Format Version 12.00
# Visual Studio Version 16
VisualStudioVersion = 16.0.31105.61
MinimumVisualStudioVersion = 10.0.40219.1
Project("{FAE04EC0-301F-11D3-BF4B-00C04F79EFBC}") = "ler_1ate12", "ler_1ate12\ler_1ate12.csproj", "{04A5E3F9-03A6-4A41-AD32-5A452A335AC7}"
EndProject
Global
	GlobalSection(SolutionConfigurationPlatforms) = preSolution
		Debug|Any CPU = Debug|Any CPU
		Release|Any CPU = Release|Any CPU
	EndGlobalSection
	GlobalSection(ProjectConfigurationPlatforms) = postSolution
		{04A5E3F9-03A6-4A41-AD32-5A452A335AC7}.Debug|Any CPU.ActiveCfg = Debug|Any CPU
		{04A5E3F9-03A6-4A41-AD32-5A452A335AC7}.Debug|Any CPU.Build.0 = Debug|Any CPU
		{04A5E3F9-03A6-4A41-AD32-5A452A335AC7}.Release|Any CPU.ActiveCfg = Release|Any CPU
		{04A5E3F9-03A6-4A41-AD32-5A452A335AC7}.Release|Any CPU.Build.0 = Release|Any CPU
	EndGlobalSection
	GlobalSection(SolutionProperties) = preSolution
		HideSolutionNode = FALSE
	EndGlobalSection
	GlobalSection(ExtensibilityGlobals) = postSolution
		SolutionGuid = {92804C04-6176-499C-AC87-E8F95FF576A8}
	EndGlobalSection
EndGlobal
