
Microsoft Visual Studio Solution File, Format Version 12.00
# Visual Studio Version 16
VisualStudioVersion = 16.0.31515.178
MinimumVisualStudioVersion = 10.0.40219.1
Project("{FAE04EC0-301F-11D3-BF4B-00C04F79EFBC}") = "testeCombBox", "testeCombBox\testeCombBox.csproj", "{B57FA5B6-9FB1-41B6-A865-562CE00CFFA5}"
EndProject
Global
	GlobalSection(SolutionConfigurationPlatforms) = preSolution
		Debug|Any CPU = Debug|Any CPU
		Release|Any CPU = Release|Any CPU
	EndGlobalSection
	GlobalSection(ProjectConfigurationPlatforms) = postSolution
		{B57FA5B6-9FB1-41B6-A865-562CE00CFFA5}.Debug|Any CPU.ActiveCfg = Debug|Any CPU
		{B57FA5B6-9FB1-41B6-A865-562CE00CFFA5}.Debug|Any CPU.Build.0 = Debug|Any CPU
		{B57FA5B6-9FB1-41B6-A865-562CE00CFFA5}.Release|Any CPU.ActiveCfg = Release|Any CPU
		{B57FA5B6-9FB1-41B6-A865-562CE00CFFA5}.Release|Any CPU.Build.0 = Release|Any CPU
	EndGlobalSection
	GlobalSection(SolutionProperties) = preSolution
		HideSolutionNode = FALSE
	EndGlobalSection
	GlobalSection(ExtensibilityGlobals) = postSolution
		SolutionGuid = {3612EC06-6B64-4BB5-874C-756CC4FFEFB4}
	EndGlobalSection
EndGlobal
