
Microsoft Visual Studio Solution File, Format Version 12.00
# Visual Studio Version 16
VisualStudioVersion = 16.0.31313.79
MinimumVisualStudioVersion = 10.0.40219.1
Project("{FAE04EC0-301F-11D3-BF4B-00C04F79EFBC}") = "brincando_label", "brincando_label\brincando_label.csproj", "{5AA03429-3AEB-47F0-9A65-EF9DB7384FB8}"
EndProject
Global
	GlobalSection(SolutionConfigurationPlatforms) = preSolution
		Debug|Any CPU = Debug|Any CPU
		Release|Any CPU = Release|Any CPU
	EndGlobalSection
	GlobalSection(ProjectConfigurationPlatforms) = postSolution
		{5AA03429-3AEB-47F0-9A65-EF9DB7384FB8}.Debug|Any CPU.ActiveCfg = Debug|Any CPU
		{5AA03429-3AEB-47F0-9A65-EF9DB7384FB8}.Debug|Any CPU.Build.0 = Debug|Any CPU
		{5AA03429-3AEB-47F0-9A65-EF9DB7384FB8}.Release|Any CPU.ActiveCfg = Release|Any CPU
		{5AA03429-3AEB-47F0-9A65-EF9DB7384FB8}.Release|Any CPU.Build.0 = Release|Any CPU
	EndGlobalSection
	GlobalSection(SolutionProperties) = preSolution
		HideSolutionNode = FALSE
	EndGlobalSection
	GlobalSection(ExtensibilityGlobals) = postSolution
		SolutionGuid = {BBB57DC1-3DA4-41FC-A220-6E4840D1F98E}
	EndGlobalSection
EndGlobal
