
Microsoft Visual Studio Solution File, Format Version 12.00
# Visual Studio Version 16
VisualStudioVersion = 16.0.31313.79
MinimumVisualStudioVersion = 10.0.40219.1
Project("{FAE04EC0-301F-11D3-BF4B-00C04F79EFBC}") = "fibonacciConsole", "fibonacciConsole\fibonacciConsole.csproj", "{5D179656-CC90-43F3-84DB-C4D7B316A9BA}"
EndProject
Global
	GlobalSection(SolutionConfigurationPlatforms) = preSolution
		Debug|Any CPU = Debug|Any CPU
		Release|Any CPU = Release|Any CPU
	EndGlobalSection
	GlobalSection(ProjectConfigurationPlatforms) = postSolution
		{5D179656-CC90-43F3-84DB-C4D7B316A9BA}.Debug|Any CPU.ActiveCfg = Debug|Any CPU
		{5D179656-CC90-43F3-84DB-C4D7B316A9BA}.Debug|Any CPU.Build.0 = Debug|Any CPU
		{5D179656-CC90-43F3-84DB-C4D7B316A9BA}.Release|Any CPU.ActiveCfg = Release|Any CPU
		{5D179656-CC90-43F3-84DB-C4D7B316A9BA}.Release|Any CPU.Build.0 = Release|Any CPU
	EndGlobalSection
	GlobalSection(SolutionProperties) = preSolution
		HideSolutionNode = FALSE
	EndGlobalSection
	GlobalSection(ExtensibilityGlobals) = postSolution
		SolutionGuid = {31FAACB8-3B07-4EFA-A581-BBD83E26D822}
	EndGlobalSection
EndGlobal
