
Microsoft Visual Studio Solution File, Format Version 12.00
# Visual Studio Version 16
VisualStudioVersion = 16.0.31105.61
MinimumVisualStudioVersion = 10.0.40219.1
Project("{FAE04EC0-301F-11D3-BF4B-00C04F79EFBC}") = "conversao_dados", "conversao_dados\conversao_dados.csproj", "{F7DB3EA6-33F7-4230-89AF-14BDD1A25EF9}"
EndProject
Global
	GlobalSection(SolutionConfigurationPlatforms) = preSolution
		Debug|Any CPU = Debug|Any CPU
		Release|Any CPU = Release|Any CPU
	EndGlobalSection
	GlobalSection(ProjectConfigurationPlatforms) = postSolution
		{F7DB3EA6-33F7-4230-89AF-14BDD1A25EF9}.Debug|Any CPU.ActiveCfg = Debug|Any CPU
		{F7DB3EA6-33F7-4230-89AF-14BDD1A25EF9}.Debug|Any CPU.Build.0 = Debug|Any CPU
		{F7DB3EA6-33F7-4230-89AF-14BDD1A25EF9}.Release|Any CPU.ActiveCfg = Release|Any CPU
		{F7DB3EA6-33F7-4230-89AF-14BDD1A25EF9}.Release|Any CPU.Build.0 = Release|Any CPU
	EndGlobalSection
	GlobalSection(SolutionProperties) = preSolution
		HideSolutionNode = FALSE
	EndGlobalSection
	GlobalSection(ExtensibilityGlobals) = postSolution
		SolutionGuid = {2741532F-803F-4C6C-8F2B-83831232DDCB}
	EndGlobalSection
EndGlobal
