
Microsoft Visual Studio Solution File, Format Version 12.00
# Visual Studio Version 16
VisualStudioVersion = 16.0.31313.79
MinimumVisualStudioVersion = 10.0.40219.1
Project("{FAE04EC0-301F-11D3-BF4B-00C04F79EFBC}") = "fibonacciTuji", "fibonacciTuji\fibonacciTuji.csproj", "{C083ADA3-1AC2-43E1-AE41-3F6CBD14CD59}"
EndProject
Global
	GlobalSection(SolutionConfigurationPlatforms) = preSolution
		Debug|Any CPU = Debug|Any CPU
		Release|Any CPU = Release|Any CPU
	EndGlobalSection
	GlobalSection(ProjectConfigurationPlatforms) = postSolution
		{C083ADA3-1AC2-43E1-AE41-3F6CBD14CD59}.Debug|Any CPU.ActiveCfg = Debug|Any CPU
		{C083ADA3-1AC2-43E1-AE41-3F6CBD14CD59}.Debug|Any CPU.Build.0 = Debug|Any CPU
		{C083ADA3-1AC2-43E1-AE41-3F6CBD14CD59}.Release|Any CPU.ActiveCfg = Release|Any CPU
		{C083ADA3-1AC2-43E1-AE41-3F6CBD14CD59}.Release|Any CPU.Build.0 = Release|Any CPU
	EndGlobalSection
	GlobalSection(SolutionProperties) = preSolution
		HideSolutionNode = FALSE
	EndGlobalSection
	GlobalSection(ExtensibilityGlobals) = postSolution
		SolutionGuid = {8E55DBB1-AC49-4E9E-A480-4216C0BA18ED}
	EndGlobalSection
EndGlobal
